
Microsoft Visual Studio Solution File, Format Version 12.00
# Visual Studio Version 16
VisualStudioVersion = 16.0.32602.291
MinimumVisualStudioVersion = 10.0.40219.1
Project("{FAE04EC0-301F-11D3-BF4B-00C04F79EFBC}") = "SOLID_With_DotNet", "SOLID_With_DotNet\SOLID_With_DotNet.csproj", "{AC4763A8-4370-43F0-BABA-71419E0C7DB8}"
EndProject
Global
	GlobalSection(SolutionConfigurationPlatforms) = preSolution
		Debug|Any CPU = Debug|Any CPU
		Release|Any CPU = Release|Any CPU
	EndGlobalSection
	GlobalSection(ProjectConfigurationPlatforms) = postSolution
		{AC4763A8-4370-43F0-BABA-71419E0C7DB8}.Debug|Any CPU.ActiveCfg = Debug|Any CPU
		{AC4763A8-4370-43F0-BABA-71419E0C7DB8}.Debug|Any CPU.Build.0 = Debug|Any CPU
		{AC4763A8-4370-43F0-BABA-71419E0C7DB8}.Release|Any CPU.ActiveCfg = Release|Any CPU
		{AC4763A8-4370-43F0-BABA-71419E0C7DB8}.Release|Any CPU.Build.0 = Release|Any CPU
	EndGlobalSection
	GlobalSection(SolutionProperties) = preSolution
		HideSolutionNode = FALSE
	EndGlobalSection
	GlobalSection(ExtensibilityGlobals) = postSolution
		SolutionGuid = {7F55666C-3F93-4ECD-BE63-27A7EE0DE61D}
	EndGlobalSection
EndGlobal
